
Microsoft Visual Studio Solution File, Format Version 12.00
# Visual Studio Version 16
VisualStudioVersion = 16.0.30413.136
MinimumVisualStudioVersion = 10.0.40219.1
Project("{FAE04EC0-301F-11D3-BF4B-00C04F79EFBC}") = "Inquiry", "Inquiry\Inquiry.csproj", "{37ABE426-F5A8-4238-A382-E5FFEF0FE6A1}"
EndProject
Global
	GlobalSection(SolutionConfigurationPlatforms) = preSolution
		Debug|Any CPU = Debug|Any CPU
		Release|Any CPU = Release|Any CPU
	EndGlobalSection
	GlobalSection(ProjectConfigurationPlatforms) = postSolution
		{37ABE426-F5A8-4238-A382-E5FFEF0FE6A1}.Debug|Any CPU.ActiveCfg = Debug|Any CPU
		{37ABE426-F5A8-4238-A382-E5FFEF0FE6A1}.Debug|Any CPU.Build.0 = Debug|Any CPU
		{37ABE426-F5A8-4238-A382-E5FFEF0FE6A1}.Release|Any CPU.ActiveCfg = Release|Any CPU
		{37ABE426-F5A8-4238-A382-E5FFEF0FE6A1}.Release|Any CPU.Build.0 = Release|Any CPU
	EndGlobalSection
	GlobalSection(SolutionProperties) = preSolution
		HideSolutionNode = FALSE
	EndGlobalSection
	GlobalSection(ExtensibilityGlobals) = postSolution
		SolutionGuid = {4FE13D64-3015-451A-8928-9C8ABD90EF35}
	EndGlobalSection
EndGlobal
