
Microsoft Visual Studio Solution File, Format Version 12.00
# Visual Studio Version 16
VisualStudioVersion = 16.0.30413.136
MinimumVisualStudioVersion = 10.0.40219.1
Project("{9A19103F-16F7-4668-BE54-9A1E7A4F7556}") = "ACM1", "ACM1\ACM1.csproj", "{4F54FEB3-764F-41C4-8A89-8F403C0A0612}"
EndProject
Project("{FAE04EC0-301F-11D3-BF4B-00C04F79EFBC}") = "Acme.Common", "Acm.Common\Acme.Common.csproj", "{F6315007-E150-4211-AC70-66E7BA987106}"
EndProject
Global
	GlobalSection(SolutionConfigurationPlatforms) = preSolution
		Debug|Any CPU = Debug|Any CPU
		Release|Any CPU = Release|Any CPU
	EndGlobalSection
	GlobalSection(ProjectConfigurationPlatforms) = postSolution
		{4F54FEB3-764F-41C4-8A89-8F403C0A0612}.Debug|Any CPU.ActiveCfg = Debug|Any CPU
		{4F54FEB3-764F-41C4-8A89-8F403C0A0612}.Debug|Any CPU.Build.0 = Debug|Any CPU
		{4F54FEB3-764F-41C4-8A89-8F403C0A0612}.Release|Any CPU.ActiveCfg = Release|Any CPU
		{4F54FEB3-764F-41C4-8A89-8F403C0A0612}.Release|Any CPU.Build.0 = Release|Any CPU
		{F6315007-E150-4211-AC70-66E7BA987106}.Debug|Any CPU.ActiveCfg = Debug|Any CPU
		{F6315007-E150-4211-AC70-66E7BA987106}.Debug|Any CPU.Build.0 = Debug|Any CPU
		{F6315007-E150-4211-AC70-66E7BA987106}.Release|Any CPU.ActiveCfg = Release|Any CPU
		{F6315007-E150-4211-AC70-66E7BA987106}.Release|Any CPU.Build.0 = Release|Any CPU
	EndGlobalSection
	GlobalSection(SolutionProperties) = preSolution
		HideSolutionNode = FALSE
	EndGlobalSection
	GlobalSection(ExtensibilityGlobals) = postSolution
		SolutionGuid = {891CF83A-F87D-40B8-9010-4EAB6F73D5A4}
	EndGlobalSection
EndGlobal
